
Microsoft Visual Studio Solution File, Format Version 12.00
# Visual Studio Version 16
VisualStudioVersion = 16.0.31025.194
MinimumVisualStudioVersion = 10.0.40219.1
Project("{FAE04EC0-301F-11D3-BF4B-00C04F79EFBC}") = "LearnVoc", "LearnVoc.csproj", "{259EE3B7-F2A7-4B46-ABFD-3BE8618BEF5B}"
EndProject
Global
	GlobalSection(SolutionConfigurationPlatforms) = preSolution
		Debug|Any CPU = Debug|Any CPU
		Debug|x64 = Debug|x64
		Release|Any CPU = Release|Any CPU
		Release|x64 = Release|x64
	EndGlobalSection
	GlobalSection(ProjectConfigurationPlatforms) = postSolution
		{259EE3B7-F2A7-4B46-ABFD-3BE8618BEF5B}.Debug|Any CPU.ActiveCfg = Debug|Any CPU
		{259EE3B7-F2A7-4B46-ABFD-3BE8618BEF5B}.Debug|Any CPU.Build.0 = Debug|Any CPU
		{259EE3B7-F2A7-4B46-ABFD-3BE8618BEF5B}.Debug|x64.ActiveCfg = Debug|x64
		{259EE3B7-F2A7-4B46-ABFD-3BE8618BEF5B}.Debug|x64.Build.0 = Debug|x64
		{259EE3B7-F2A7-4B46-ABFD-3BE8618BEF5B}.Release|Any CPU.ActiveCfg = Release|Any CPU
		{259EE3B7-F2A7-4B46-ABFD-3BE8618BEF5B}.Release|Any CPU.Build.0 = Release|Any CPU
		{259EE3B7-F2A7-4B46-ABFD-3BE8618BEF5B}.Release|x64.ActiveCfg = Release|x64
		{259EE3B7-F2A7-4B46-ABFD-3BE8618BEF5B}.Release|x64.Build.0 = Release|x64
	EndGlobalSection
	GlobalSection(SolutionProperties) = preSolution
		HideSolutionNode = FALSE
	EndGlobalSection
	GlobalSection(ExtensibilityGlobals) = postSolution
		SolutionGuid = {93C3ACCC-E5CD-470F-B43A-5CA98AD60873}
	EndGlobalSection
EndGlobal
